
Microsoft Visual Studio Solution File, Format Version 12.00
# Visual Studio Version 16
VisualStudioVersion = 16.0.28803.352
MinimumVisualStudioVersion = 10.0.40219.1
Project("{FAE04EC0-301F-11D3-BF4B-00C04F79EFBC}") = "Deploy", "Deploy.csproj", "{A787CC75-4D28-4EB8-AA3D-1A284009BF38}"
EndProject
Global
	GlobalSection(SolutionConfigurationPlatforms) = preSolution
		Debug|Any CPU = Debug|Any CPU
		Release|Any CPU = Release|Any CPU
	EndGlobalSection
	GlobalSection(ProjectConfigurationPlatforms) = postSolution
		{A787CC75-4D28-4EB8-AA3D-1A284009BF38}.Debug|Any CPU.ActiveCfg = Debug|Any CPU
		{A787CC75-4D28-4EB8-AA3D-1A284009BF38}.Debug|Any CPU.Build.0 = Debug|Any CPU
		{A787CC75-4D28-4EB8-AA3D-1A284009BF38}.Release|Any CPU.ActiveCfg = Release|Any CPU
		{A787CC75-4D28-4EB8-AA3D-1A284009BF38}.Release|Any CPU.Build.0 = Release|Any CPU
	EndGlobalSection
	GlobalSection(SolutionProperties) = preSolution
		HideSolutionNode = FALSE
	EndGlobalSection
	GlobalSection(ExtensibilityGlobals) = postSolution
		SolutionGuid = {D66B3679-FB97-48E5-97A5-EFE051A7129E}
	EndGlobalSection
EndGlobal
